
Microsoft Visual Studio Solution File, Format Version 12.00
# Visual Studio 15
VisualStudioVersion = 15.0.28307.902
MinimumVisualStudioVersion = 10.0.40219.1
Project("{FAE04EC0-301F-11D3-BF4B-00C04F79EFBC}") = "RawBayer2DNG", "RawBayer2DNG\RawBayer2DNG.csproj", "{98F3FD03-C026-4D27-98BB-BD74F4006B7C}"
EndProject
Global
	GlobalSection(SolutionConfigurationPlatforms) = preSolution
		Debug|Any CPU = Debug|Any CPU
		Release|Any CPU = Release|Any CPU
	EndGlobalSection
	GlobalSection(ProjectConfigurationPlatforms) = postSolution
		{98F3FD03-C026-4D27-98BB-BD74F4006B7C}.Debug|Any CPU.ActiveCfg = Debug|Any CPU
		{98F3FD03-C026-4D27-98BB-BD74F4006B7C}.Debug|Any CPU.Build.0 = Debug|Any CPU
		{98F3FD03-C026-4D27-98BB-BD74F4006B7C}.Release|Any CPU.ActiveCfg = Release|Any CPU
		{98F3FD03-C026-4D27-98BB-BD74F4006B7C}.Release|Any CPU.Build.0 = Release|Any CPU
	EndGlobalSection
	GlobalSection(SolutionProperties) = preSolution
		HideSolutionNode = FALSE
	EndGlobalSection
	GlobalSection(ExtensibilityGlobals) = postSolution
		SolutionGuid = {5884BBB9-7AE1-4C8E-92AF-86E25F31AA9E}
	EndGlobalSection
EndGlobal
